{
  "nodes": {
    "activate-niksos": {
      "inputs": {
        "fenix": ["naersk", "fenix"],
        "naersk": ["naersk"],
        "nixpkgs": ["nixpkgs"]
      },
      "locked": {
        "lastModified": 1755197699,
        "narHash": "sha256-x2Q1COYRlhF99xL7RRR22lNPmzCD1haCjOD7o8nMAxQ=",
        "owner": "NikSneMC",
        "repo": "activate-niksos",
        "rev": "e7f8135dcb17fb11d51c1fdb91ccb8bf7c54b2b4",
        "type": "github"
      },
      "original": {
        "owner": "NikSneMC",
        "repo": "activate-niksos",
        "type": "github"
      }
    },
    "agenix": {
      "inputs": {
        "darwin": [],
        "home-manager": ["hm"],
        "nixpkgs": ["nixpkgs"],
        "systems": ["flake-utils", "systems"]
      },
      "locked": {
        "lastModified": 1770165109,
        "narHash": "sha256-9VnK6Oqai65puVJ4WYtCTvlJeXxMzAp/69HhQuTdl/I=",
        "owner": "ryantm",
        "repo": "agenix",
        "rev": "b027ee29d959fda4b60b57566d64c98a202e0feb",
        "type": "github"
      },
      "original": {
        "owner": "ryantm",
        "repo": "agenix",
        "type": "github"
      }
    },
    "assets": {
      "flake": false,
      "locked": {
        "lastModified": 1779243392,
        "narHash": "sha256-6MkYlVhws5F7zFUf0KFt9jzoJN4lUAYxe730c0ipmYU=",
        "owner": "NikSneMC",
        "repo": "NikSOS",
        "rev": "46f1a82642ade4bd77cebebfa4428a37932e0b33",
        "type": "github"
      },
      "original": {
        "owner": "NikSneMC",
        "ref": "assets",
        "repo": "NikSOS",
        "type": "github"
      }
    },
    "cachyos-kernel": {
      "flake": false,
      "locked": {
        "lastModified": 1776183001,
        "narHash": "sha256-lvLKB5dTqjO1S/YonS9ZyWemEjO6QXtN4D76rYEYy4s=",
        "owner": "CachyOS",
        "repo": "linux-cachyos",
        "rev": "4224303b6d7a50dd1cc3ffa78864050cc9536eec",
        "type": "github"
      },
      "original": {
        "owner": "CachyOS",
        "repo": "linux-cachyos",
        "type": "github"
      }
    },
    "cachyos-kernel-patches": {
      "flake": false,
      "locked": {
        "lastModified": 1776355454,
        "narHash": "sha256-b9Hc0sTxjEzDbphzS9yQqxVha/7bsPIs2cQQQvaG45E=",
        "owner": "CachyOS",
        "repo": "kernel-patches",
        "rev": "b5e029226df5cc30c103651072d49a7af2878202",
        "type": "github"
      },
      "original": {
        "owner": "CachyOS",
        "repo": "kernel-patches",
        "type": "github"
      }
    },
    "catppuccin": {
      "inputs": {
        "nixpkgs": ["nixpkgs"]
      },
      "locked": {
        "lastModified": 1776593320,
        "narHash": "sha256-2a7B42HU1i9Eglj//GdjYDZ2i5pI0c47eJ3lC1VaAAQ=",
        "owner": "NikSneMC",
        "repo": "catppuccin-nix",
        "rev": "4295f026dddec0de55aedf7221194096aab35926",
        "type": "github"
      },
      "original": {
        "owner": "NikSneMC",
        "repo": "catppuccin-nix",
        "type": "github"
      }
    },
    "danksearch": {
      "inputs": {
        "nixpkgs": ["nixpkgs"]
      },
      "locked": {
        "lastModified": 1777084764,
        "narHash": "sha256-qSwgvkWSh8Er0TfeYfDxVC5J6ClE1ehu0wf3sxhI6xk=",
        "owner": "AvengeMedia",
        "repo": "danksearch",
        "rev": "18591ecaa4b87acb222391f9aedd2fbbef9c087f",
        "type": "github"
      },
      "original": {
        "owner": "AvengeMedia",
        "repo": "danksearch",
        "type": "github"
      }
    },
    "discord-rpc-lsp": {
      "inputs": {
        "flake-utils": ["flake-utils"],
        "nixpkgs": ["nixpkgs"]
      },
      "locked": {
        "lastModified": 1755259527,
        "narHash": "sha256-c65MUoHqFl0ezFs/corRVuHzK1cnuZhOtdrj5wwYouo=",
        "owner": "invra",
        "repo": "discord-rpc-lsp",
        "rev": "f4f6ab950c109a9db765664d7087956a2d6c8f9e",
        "type": "gitlab"
      },
      "original": {
        "owner": "invra",
        "repo": "discord-rpc-lsp",
        "type": "gitlab"
      }
    },
    "disko": {
      "inputs": {
        "nixpkgs": ["nixpkgs"]
      },
      "locked": {
        "lastModified": 1777713215,
        "narHash": "sha256-8GzXDOXckDWwST8TY5DbwYFjdvQLlP7K9CLSVx6iTTo=",
        "owner": "nix-community",
        "repo": "disko",
        "rev": "63b4e7e6cf75307c1d26ac3762b886b5b0247267",
        "type": "github"
      },
      "original": {
        "owner": "nix-community",
        "repo": "disko",
        "type": "github"
      }
    },
    "dms": {
      "inputs": {
        "flake-compat": "flake-compat",
        "nixpkgs": ["nixpkgs"],
        "quickshell": "quickshell"
      },
      "locked": {
        "lastModified": 1778351735,
        "narHash": "sha256-rucFQk0ZF8YGuG8zvq0V3V/5plO0kyK6jl0+jAIG5gY=",
        "owner": "AvengeMedia",
        "repo": "DankMaterialShell",
        "rev": "faa30c4d487425d52d9d7a0af06431ef1550d031",
        "type": "github"
      },
      "original": {
        "owner": "AvengeMedia",
        "repo": "DankMaterialShell",
        "type": "github"
      }
    },
    "dms-plugin-registry": {
      "inputs": {
        "nixpkgs": ["nixpkgs"]
      },
      "locked": {
        "lastModified": 1778325528,
        "narHash": "sha256-+y7QsGE8e6AofulVXhMckNrHkNOWfIKrysGwsmk/7pE=",
        "owner": "AvengeMedia",
        "repo": "dms-plugin-registry",
        "rev": "5adbbbe54a39c3efdf3ae33ef735813537c5d95c",
        "type": "github"
      },
      "original": {
        "owner": "AvengeMedia",
        "repo": "dms-plugin-registry",
        "type": "github"
      }
    },
    "fenix": {
      "inputs": {
        "nixpkgs": ["naersk", "nixpkgs"],
        "rust-analyzer-src": "rust-analyzer-src"
      },
      "locked": {
        "lastModified": 1752475459,
        "narHash": "sha256-z6QEu4ZFuHiqdOPbYss4/Q8B0BFhacR8ts6jO/F/aOU=",
        "owner": "nix-community",
        "repo": "fenix",
        "rev": "bf0d6f70f4c9a9cf8845f992105652173f4b617f",
        "type": "github"
      },
      "original": {
        "owner": "nix-community",
        "repo": "fenix",
        "type": "github"
      }
    },
    "flake-compat": {
      "flake": false,
      "locked": {
        "lastModified": 1767039857,
        "narHash": "sha256-vNpUSpF5Nuw8xvDLj2KCwwksIbjua2LZCqhV1LNRDns=",
        "owner": "NixOS",
        "repo": "flake-compat",
        "rev": "5edf11c44bc78a0d334f6334cdaf7d60d732daab",
        "type": "github"
      },
      "original": {
        "owner": "NixOS",
        "repo": "flake-compat",
        "type": "github"
      }
    },
    "flake-compat_2": {
      "locked": {
        "lastModified": 1767039857,
        "narHash": "sha256-vNpUSpF5Nuw8xvDLj2KCwwksIbjua2LZCqhV1LNRDns=",
        "owner": "NixOS",
        "repo": "flake-compat",
        "rev": "5edf11c44bc78a0d334f6334cdaf7d60d732daab",
        "type": "github"
      },
      "original": {
        "owner": "NixOS",
        "repo": "flake-compat",
        "type": "github"
      }
    },
    "flake-parts": {
      "inputs": {
        "nixpkgs-lib": ["nixpkgs"]
      },
      "locked": {
        "lastModified": 1777988971,
        "narHash": "sha256-qIoWPDs+0/8JecyYgE3gpKQxW/4bLW/gp45vow9ioCQ=",
        "owner": "hercules-ci",
        "repo": "flake-parts",
        "rev": "0678d8986be1661af6bb555f3489f2fdfc31f6ff",
        "type": "github"
      },
      "original": {
        "owner": "hercules-ci",
        "repo": "flake-parts",
        "type": "github"
      }
    },
    "flake-utils": {
      "inputs": {
        "systems": "systems"
      },
      "locked": {
        "lastModified": 1731533236,
        "narHash": "sha256-l0KFg5HjrsfsO/JpG+r7fRrqm12kzFHyUHqHCVpMMbI=",
        "owner": "numtide",
        "repo": "flake-utils",
        "rev": "11707dc2f618dd54ca8739b309ec4fc024de578b",
        "type": "github"
      },
      "original": {
        "owner": "numtide",
        "repo": "flake-utils",
        "type": "github"
      }
    },
    "git-helper": {
      "inputs": {
        "fenix": ["naersk", "fenix"],
        "flake-utils": ["flake-utils"],
        "naersk": ["naersk"],
        "nixpkgs": ["nixpkgs"]
      },
      "locked": {
        "lastModified": 1773079906,
        "narHash": "sha256-FxNsFpKXtgerjXSwcTBhJ3Mmlz6hx9PUHZrceFAsUsU=",
        "owner": "NiKSneMC",
        "repo": "git-helper",
        "rev": "369fc78d498fdf584e1f795bea232f6d6097056a",
        "type": "github"
      },
      "original": {
        "owner": "NiKSneMC",
        "repo": "git-helper",
        "type": "github"
      }
    },
    "git-hooks": {
      "inputs": {
        "flake-compat": ["flake-compat"],
        "gitignore": "gitignore",
        "nixpkgs": ["nixpkgs"]
      },
      "locked": {
        "lastModified": 1778507602,
        "narHash": "sha256-kTwur1wV+01SdqskVMSo6JMEpg71ps3HpbFY2GsflKs=",
        "owner": "cachix",
        "repo": "git-hooks.nix",
        "rev": "61ab0e80d9c7ab14c256b5b453d8b3fb0189ba0a",
        "type": "github"
      },
      "original": {
        "owner": "cachix",
        "repo": "git-hooks.nix",
        "type": "github"
      }
    },
    "gitignore": {
      "inputs": {
        "nixpkgs": ["git-hooks", "nixpkgs"]
      },
      "locked": {
        "lastModified": 1709087332,
        "narHash": "sha256-HG2cCnktfHsKV0s4XW83gU3F57gaTljL9KNSuG6bnQs=",
        "owner": "hercules-ci",
        "repo": "gitignore.nix",
        "rev": "637db329424fd7e46cf4185293b9cc8c88c95394",
        "type": "github"
      },
      "original": {
        "owner": "hercules-ci",
        "repo": "gitignore.nix",
        "type": "github"
      }
    },
    "helium-browser": {
      "inputs": {
        "nixpkgs": ["nixpkgs"]
      },
      "locked": {
        "lastModified": 1778828958,
        "narHash": "sha256-38LcQYB2Elc0Y8bJ3TO1Q8zR0yZtAQBWnbIoS/2vInk=",
        "owner": "cjavad",
        "repo": "nixpille-helium",
        "rev": "8a0f9d71618a2c8e42be3287ab108d87bdcc3093",
        "type": "github"
      },
      "original": {
        "owner": "cjavad",
        "repo": "nixpille-helium",
        "type": "github"
      }
    },
    "helix": {
      "inputs": {
        "nixpkgs": "nixpkgs",
        "rust-overlay": "rust-overlay"
      },
      "locked": {
        "lastModified": 1778477882,
        "narHash": "sha256-iOp0UB1x7oYFKUWdJotH/9LESqB31jDq4z2RFVbos50=",
        "owner": "helix-editor",
        "repo": "helix",
        "rev": "a8b359b0f3398f42a71a6aade83bba5ef5aa4945",
        "type": "github"
      },
      "original": {
        "owner": "helix-editor",
        "repo": "helix",
        "type": "github"
      }
    },
    "hm": {
      "inputs": {
        "nixpkgs": ["nixpkgs"]
      },
      "locked": {
        "lastModified": 1778503501,
        "narHash": "sha256-08L/X4/do7nET4rzidJ76eV/1r+mB7DchVpdPypsghc=",
        "owner": "nix-community",
        "repo": "home-manager",
        "rev": "85ba629c79449badf4338117c27f0ee92b4b9f1a",
        "type": "github"
      },
      "original": {
        "owner": "nix-community",
        "repo": "home-manager",
        "type": "github"
      }
    },
    "master": {
      "locked": {
        "lastModified": 1778516367,
        "narHash": "sha256-Q+6pJ7iU0F6JC/UHFBrSeY7IO6AsoVWVFE1G9Y2YZ3U=",
        "owner": "NixOS",
        "repo": "nixpkgs",
        "rev": "585d7faa7ecff9231415fca8a177ecab9ece2593",
        "type": "github"
      },
      "original": {
        "owner": "NixOS",
        "ref": "master",
        "repo": "nixpkgs",
        "type": "github"
      }
    },
    "naersk": {
      "inputs": {
        "fenix": "fenix",
        "nixpkgs": ["nixpkgs"]
      },
      "locked": {
        "lastModified": 1778151388,
        "narHash": "sha256-lldMJPUeouEjO8/7aLuwhcsIw29vVihm2ZALzjiqfec=",
        "owner": "nix-community",
        "repo": "naersk",
        "rev": "efdddff9ff4d8e7d0056d57ec67dac50f75ab8f6",
        "type": "github"
      },
      "original": {
        "owner": "nix-community",
        "repo": "naersk",
        "type": "github"
      }
    },
    "nikspkgs": {
      "locked": {
        "lastModified": 1778171816,
        "narHash": "sha256-+qLVibApmwmqCt4jZUQ9T1IaTaJE5UutMZjeo2QwJE4=",
        "owner": "NikSneMC",
        "repo": "NikSpkgs",
        "rev": "7cc14675d5081824759e5dd7c0506fdb0b735d1f",
        "type": "github"
      },
      "original": {
        "owner": "NikSneMC",
        "ref": "niksos",
        "repo": "NikSpkgs",
        "type": "github"
      }
    },
    "niri": {
      "inputs": {
        "niri-stable": "niri-stable",
        "niri-unstable": "niri-unstable",
        "nixpkgs": "nixpkgs_2",
        "nixpkgs-stable": "nixpkgs-stable",
        "xwayland-satellite-stable": "xwayland-satellite-stable",
        "xwayland-satellite-unstable": "xwayland-satellite-unstable"
      },
      "locked": {
        "lastModified": 1779213531,
        "narHash": "sha256-B4pOfIX6CpCD/cKckwNP3DYDxEUBG1x/K3vqwYNonx4=",
        "owner": "sodiboo",
        "repo": "niri-flake",
        "rev": "f4027707431220ffb660ae0da0e03fd5229ab4d9",
        "type": "github"
      },
      "original": {
        "owner": "sodiboo",
        "repo": "niri-flake",
        "type": "github"
      }
    },
    "niri-stable": {
      "flake": false,
      "locked": {
        "lastModified": 1756556321,
        "narHash": "sha256-RLD89dfjN0RVO86C/Mot0T7aduCygPGaYbog566F0Qo=",
        "owner": "YaLTeR",
        "repo": "niri",
        "rev": "01be0e65f4eb91a9cd624ac0b76aaeab765c7294",
        "type": "github"
      },
      "original": {
        "owner": "YaLTeR",
        "ref": "v25.08",
        "repo": "niri",
        "type": "github"
      }
    },
    "niri-unstable": {
      "flake": false,
      "locked": {
        "lastModified": 1778858756,
        "narHash": "sha256-9VvAHNoi2wd0fxLfJOPChZMS7l6rhCtAJmpd59Hv5rw=",
        "owner": "YaLTeR",
        "repo": "niri",
        "rev": "cd5ac3e5e04bb5a11276d3c755fa25242818e05f",
        "type": "github"
      },
      "original": {
        "owner": "YaLTeR",
        "repo": "niri",
        "type": "github"
      }
    },
    "nix-cachyos-kernel": {
      "inputs": {
        "cachyos-kernel": "cachyos-kernel",
        "cachyos-kernel-patches": "cachyos-kernel-patches",
        "flake-compat": ["flake-compat"],
        "flake-parts": ["flake-parts"],
        "nixpkgs": "nixpkgs_3"
      },
      "locked": {
        "lastModified": 1776535646,
        "narHash": "sha256-ynXxDJ66ZgN7NlXuMxH9aIMnmiX4Q4ZhdEDie9Klnfc=",
        "owner": "xddxdd",
        "repo": "nix-cachyos-kernel",
        "rev": "c5b2b559d888644417de5eb3939548854fa4d837",
        "type": "github"
      },
      "original": {
        "owner": "xddxdd",
        "ref": "release",
        "repo": "nix-cachyos-kernel",
        "type": "github"
      }
    },
    "nix-index-database": {
      "inputs": {
        "nixpkgs": ["nixpkgs"]
      },
      "locked": {
        "lastModified": 1778393439,
        "narHash": "sha256-mOtQxUjtKaPHLeoLOY/YEDctmud1X9KwJr4kE1MJ3Wc=",
        "owner": "nix-community",
        "repo": "nix-index-database",
        "rev": "01466c414c7357ae2ce32be4a272a7c69e94ab5f",
        "type": "github"
      },
      "original": {
        "owner": "nix-community",
        "repo": "nix-index-database",
        "type": "github"
      }
    },
    "nix-minecraft": {
      "inputs": {
        "flake-compat": ["private", "flake-compat"],
        "flake-utils": ["private", "flake-utils"],
        "nixpkgs": ["private", "nixpkgs"]
      },
      "locked": {
        "lastModified": 1764986396,
        "narHash": "sha256-HYBvpziKGvKY/XfMCBRCTuUUqhPWjWiWaPthIsPzGDk=",
        "owner": "Infinidoge",
        "repo": "nix-minecraft",
        "rev": "70b931d67256ad7ebfced45ed797c016943bbff2",
        "type": "github"
      },
      "original": {
        "owner": "Infinidoge",
        "repo": "nix-minecraft",
        "type": "github"
      }
    },
    "nix-python": {
      "inputs": {
        "flake-compat": ["private", "flake-compat"],
        "flake-utils": ["private", "flake-utils"],
        "nixpkgs": ["private", "nixpkgs"]
      },
      "locked": {
        "lastModified": 1728241922,
        "narHash": "sha256-9LEp3jAZSJFiUWZ8YDJXSrf7pOJ3ShCNK+EQZjajl8Q=",
        "owner": "NiKSneMC",
        "repo": "nix-python",
        "rev": "8e770b13f30e2dff3497580ae52db83a8b904ebb",
        "type": "github"
      },
      "original": {
        "owner": "NiKSneMC",
        "repo": "nix-python",
        "type": "github"
      }
    },
    "nixos-avf": {
      "inputs": {
        "nixpkgs": ["nixpkgs"]
      },
      "locked": {
        "lastModified": 1770982354,
        "narHash": "sha256-Z4R6PoQWIU22+6CbSXtpZkWGpxE7X8GCcZFxpvNF1nM=",
        "owner": "NikSneMC",
        "repo": "nixos-avf",
        "rev": "982f237f467fc189a64500741d0767e90a0b509d",
        "type": "github"
      },
      "original": {
        "owner": "NikSneMC",
        "repo": "nixos-avf",
        "type": "github"
      }
    },
    "nixos-hardware": {
      "locked": {
        "lastModified": 1775490113,
        "narHash": "sha256-2ZBhDNZZwYkRmefK5XLOusCJHnoeKkoN95hoSGgMxWM=",
        "owner": "NixOS",
        "repo": "nixos-hardware",
        "rev": "c775c2772ba56e906cbeb4e0b2db19079ef11ff7",
        "type": "github"
      },
      "original": {
        "owner": "NixOS",
        "repo": "nixos-hardware",
        "type": "github"
      }
    },
    "nixos-wsl": {
      "inputs": {
        "flake-compat": ["flake-compat"],
        "nixpkgs": ["nixpkgs"]
      },
      "locked": {
        "lastModified": 1777732699,
        "narHash": "sha256-2uX/XtOWZ/oy2rerRynVhqVA//ZXZ3Fo60PikLHEPQc=",
        "owner": "nix-community",
        "repo": "NixOS-WSL",
        "rev": "5482f113fd31ebac131d1ebeb2ae90bf0d5e41f5",
        "type": "github"
      },
      "original": {
        "owner": "nix-community",
        "repo": "NixOS-WSL",
        "type": "github"
      }
    },
    "nixpkgs": {
      "locked": {
        "lastModified": 1775036866,
        "narHash": "sha256-ZojAnPuCdy657PbTq5V0Y+AHKhZAIwSIT2cb8UgAz/U=",
        "owner": "nixos",
        "repo": "nixpkgs",
        "rev": "6201e203d09599479a3b3450ed24fa81537ebc4e",
        "type": "github"
      },
      "original": {
        "owner": "nixos",
        "ref": "nixos-unstable",
        "repo": "nixpkgs",
        "type": "github"
      }
    },
    "nixpkgs-stable": {
      "locked": {
        "lastModified": 1779102034,
        "narHash": "sha256-vZJZjLo513IeI8hjzHFc6TDezUd4uCE2Eq4SNO3DNNg=",
        "owner": "NixOS",
        "repo": "nixpkgs",
        "rev": "687f05a9184cad4eaf905c48b63649e3a86f5433",
        "type": "github"
      },
      "original": {
        "owner": "NixOS",
        "ref": "nixos-25.11",
        "repo": "nixpkgs",
        "type": "github"
      }
    },
    "nixpkgs_2": {
      "locked": {
        "lastModified": 1778869304,
        "narHash": "sha256-30sZNZoA1cqF5JNO9fVX+wgiQYjB7HJqqJ4ztCDeBZE=",
        "owner": "NixOS",
        "repo": "nixpkgs",
        "rev": "d233902339c02a9c334e7e593de68855ad26c4cb",
        "type": "github"
      },
      "original": {
        "owner": "NixOS",
        "ref": "nixos-unstable",
        "repo": "nixpkgs",
        "type": "github"
      }
    },
    "nixpkgs_3": {
      "locked": {
        "lastModified": 1776475594,
        "narHash": "sha256-mxLieVl5lqjd+QUvgHbvpVrvb9d8zox7m+MiRO6FHu8=",
        "owner": "NixOS",
        "repo": "nixpkgs",
        "rev": "9a3a5b8400951b3497d2ef8f239f8451175cf3a1",
        "type": "github"
      },
      "original": {
        "owner": "NixOS",
        "ref": "nixos-unstable-small",
        "repo": "nixpkgs",
        "type": "github"
      }
    },
    "nixpkgs_4": {
      "locked": {
        "lastModified": 1744536153,
        "narHash": "sha256-awS2zRgF4uTwrOKwwiJcByDzDOdo3Q1rPZbiHQg/N38=",
        "owner": "NixOS",
        "repo": "nixpkgs",
        "rev": "18dd725c29603f582cf1900e0d25f9f1063dbf11",
        "type": "github"
      },
      "original": {
        "owner": "NixOS",
        "ref": "nixpkgs-unstable",
        "repo": "nixpkgs",
        "type": "github"
      }
    },
    "nixpkgs_5": {
      "locked": {
        "lastModified": 1769461804,
        "narHash": "sha256-msG8SU5WsBUfVVa/9RPLaymvi5bI8edTavbIq3vRlhI=",
        "owner": "NixOS",
        "repo": "nixpkgs",
        "rev": "bfc1b8a4574108ceef22f02bafcf6611380c100d",
        "type": "github"
      },
      "original": {
        "owner": "NixOS",
        "ref": "nixos-unstable",
        "repo": "nixpkgs",
        "type": "github"
      }
    },
    "private": {
      "inputs": {
        "flake-compat": ["flake-parts"],
        "flake-utils": ["flake-utils"],
        "nix-minecraft": "nix-minecraft",
        "nix-python": "nix-python",
        "nixpkgs": ["nixpkgs"]
      },
      "locked": {
        "lastModified": 1779152059,
        "narHash": "sha256-XTsBx+Yrv1t17ATmB3y4Fkm+d0RnqinBNy6KfAFzdpA=",
        "owner": "NikSneMC",
        "repo": "NikSOS-private",
        "rev": "2e8ca903a8b1dc3f832f5ddbeb1dde6f7f8f9558",
        "type": "github"
      },
      "original": {
        "path": "/home/niksne/Projects/NikSneMC/NikSOS-private",
        "type": "path"
      }
    },
    "quickshell": {
      "inputs": {
        "nixpkgs": ["dms", "nixpkgs"]
      },
      "locked": {
        "lastModified": 1776854048,
        "narHash": "sha256-lLbV66V3RMNp1l8/UelmR4YzoJ5ONtgvEtiUMJATH/o=",
        "ref": "refs/heads/master",
        "rev": "783c953987dc56ff0601abe6845ed96f1d00495a",
        "revCount": 806,
        "type": "git",
        "url": "https://git.outfoxxed.me/quickshell/quickshell"
      },
      "original": {
        "rev": "783c953987dc56ff0601abe6845ed96f1d00495a",
        "type": "git",
        "url": "https://git.outfoxxed.me/quickshell/quickshell"
      }
    },
    "root": {
      "inputs": {
        "activate-niksos": "activate-niksos",
        "agenix": "agenix",
        "assets": "assets",
        "catppuccin": "catppuccin",
        "danksearch": "danksearch",
        "discord-rpc-lsp": "discord-rpc-lsp",
        "disko": "disko",
        "dms": "dms",
        "dms-plugin-registry": "dms-plugin-registry",
        "flake-compat": "flake-compat_2",
        "flake-parts": "flake-parts",
        "flake-utils": "flake-utils",
        "git-helper": "git-helper",
        "git-hooks": "git-hooks",
        "helium-browser": "helium-browser",
        "helix": "helix",
        "hm": "hm",
        "master": "master",
        "naersk": "naersk",
        "nikspkgs": "nikspkgs",
        "niri": "niri",
        "nix-cachyos-kernel": "nix-cachyos-kernel",
        "nix-index-database": "nix-index-database",
        "nixos-avf": "nixos-avf",
        "nixos-hardware": "nixos-hardware",
        "nixos-wsl": "nixos-wsl",
        "nixpkgs": ["unstable"],
        "private": "private",
        "spicetify-nix": "spicetify-nix",
        "stable": "stable",
        "templates": "templates",
        "try-rs": "try-rs",
        "unstable": "unstable",
        "wakatime-ls": "wakatime-ls",
        "zen-browser": "zen-browser"
      }
    },
    "rust-analyzer-src": {
      "flake": false,
      "locked": {
        "lastModified": 1752428706,
        "narHash": "sha256-EJcdxw3aXfP8Ex1Nm3s0awyH9egQvB2Gu+QEnJn2Sfg=",
        "owner": "rust-lang",
        "repo": "rust-analyzer",
        "rev": "591e3b7624be97e4443ea7b5542c191311aa141d",
        "type": "github"
      },
      "original": {
        "owner": "rust-lang",
        "ref": "nightly",
        "repo": "rust-analyzer",
        "type": "github"
      }
    },
    "rust-overlay": {
      "inputs": {
        "nixpkgs": ["helix", "nixpkgs"]
      },
      "locked": {
        "lastModified": 1775358767,
        "narHash": "sha256-f2eC+WIfhjevCPQILuV08i/kmKZzYZpUvkom/33VxCA=",
        "owner": "oxalica",
        "repo": "rust-overlay",
        "rev": "20fd44bc663daa53a2575e01293e24e681d62244",
        "type": "github"
      },
      "original": {
        "owner": "oxalica",
        "repo": "rust-overlay",
        "type": "github"
      }
    },
    "rust-overlay_2": {
      "inputs": {
        "nixpkgs": "nixpkgs_4"
      },
      "locked": {
        "lastModified": 1769742225,
        "narHash": "sha256-roSD/OJ3x9nF+Dxr+/bLClX3U8FP9EkCQIFpzxKjSUM=",
        "owner": "oxalica",
        "repo": "rust-overlay",
        "rev": "bcdd8d37594f0e201639f55889c01c827baf5c75",
        "type": "github"
      },
      "original": {
        "owner": "oxalica",
        "repo": "rust-overlay",
        "type": "github"
      }
    },
    "rust-overlay_3": {
      "inputs": {
        "nixpkgs": ["wakatime-ls", "nixpkgs"]
      },
      "locked": {
        "lastModified": 1769742225,
        "narHash": "sha256-roSD/OJ3x9nF+Dxr+/bLClX3U8FP9EkCQIFpzxKjSUM=",
        "owner": "oxalica",
        "repo": "rust-overlay",
        "rev": "bcdd8d37594f0e201639f55889c01c827baf5c75",
        "type": "github"
      },
      "original": {
        "owner": "oxalica",
        "repo": "rust-overlay",
        "type": "github"
      }
    },
    "spicetify-nix": {
      "inputs": {
        "nixpkgs": ["nixpkgs"],
        "systems": ["flake-utils", "systems"]
      },
      "locked": {
        "lastModified": 1778395012,
        "narHash": "sha256-A/VRiNFQIwGp8cOC/8yNCRexFHjtFCzBwhajrkyGojo=",
        "owner": "Gerg-L",
        "repo": "spicetify-nix",
        "rev": "3b4991bfc064c3361957f23141351ae2d9833234",
        "type": "github"
      },
      "original": {
        "owner": "Gerg-L",
        "repo": "spicetify-nix",
        "type": "github"
      }
    },
    "stable": {
      "locked": {
        "lastModified": 1767313136,
        "narHash": "sha256-16KkgfdYqjaeRGBaYsNrhPRRENs0qzkQVUooNHtoy2w=",
        "owner": "NixOS",
        "repo": "nixpkgs",
        "rev": "ac62194c3917d5f474c1a844b6fd6da2db95077d",
        "type": "github"
      },
      "original": {
        "owner": "NixOS",
        "ref": "nixos-25.05",
        "repo": "nixpkgs",
        "type": "github"
      }
    },
    "systems": {
      "locked": {
        "lastModified": 1681028828,
        "narHash": "sha256-Vy1rq5AaRuLzOxct8nz4T6wlgyUR7zLU309k9mBC768=",
        "owner": "nix-systems",
        "repo": "default",
        "rev": "da67096a3b9bf56a91d16901293e51ba5b49a27e",
        "type": "github"
      },
      "original": {
        "owner": "nix-systems",
        "repo": "default",
        "type": "github"
      }
    },
    "templates": {
      "inputs": {
        "flake-compat": [
          "flake-compat"
        ],
        "flake-parts": [
          "flake-parts"
        ],
        "git-hooks": [
          "git-hooks"
        ],
        "nixpkgs": [
          "nixpkgs"
        ],
        "systems": [
          "flake-utils",
          "systems"
        ]
      },
      "locked": {
        "lastModified": 1780063507,
        "narHash": "sha256-SEoMXCEaUVz3E/aDflrB4Qmf1L1JsFiXT+rthjClrmo=",
        "owner": "NikSneMC",
        "repo": "templates",
        "rev": "3a9675871b5d107910e85c1fc9408571f275721e",
        "type": "github"
      },
      "original": {
        "owner": "NikSneMC",
        "repo": "templates",
        "type": "github"
      }
    },
    "try-rs": {
      "inputs": {
        "flake-utils": ["flake-utils"],
        "nixpkgs": ["nixpkgs"],
        "rust-overlay": "rust-overlay_2"
      },
      "locked": {
        "lastModified": 1777575360,
        "narHash": "sha256-kIpgIkwIj2gCsPyeTgZkMpItU007gHlIXdsT1BAHO+Y=",
        "owner": "tassiovirginio",
        "repo": "try-rs",
        "rev": "2df0149200b6a38430907ae0fdff0d753e83b47c",
        "type": "github"
      },
      "original": {
        "owner": "tassiovirginio",
        "repo": "try-rs",
        "type": "github"
      }
    },
    "unstable": {
      "locked": {
        "lastModified": 1776169885,
        "narHash": "sha256-l/iNYDZ4bGOAFQY2q8y5OAfBBtrDAaPuRQqWaFHVRXM=",
        "owner": "NixOS",
        "repo": "nixpkgs",
        "rev": "4bd9165a9165d7b5e33ae57f3eecbcb28fb231c9",
        "type": "github"
      },
      "original": {
        "owner": "NixOS",
        "ref": "nixos-unstable",
        "repo": "nixpkgs",
        "type": "github"
      }
    },
    "wakatime-ls": {
      "inputs": {
        "gitignore": ["git-hooks", "gitignore"],
        "nixpkgs": "nixpkgs_5",
        "rust-overlay": "rust-overlay_3"
      },
      "locked": {
        "lastModified": 1770482328,
        "narHash": "sha256-IFhqBGgL4sXU6Sv1jWmLc3MN/uiHBCET71N+sC33aro=",
        "owner": "mrnossiom",
        "repo": "wakatime-ls",
        "rev": "c2dc1e1825f59cd4e7876b8d7573905854aff231",
        "type": "github"
      },
      "original": {
        "owner": "mrnossiom",
        "repo": "wakatime-ls",
        "type": "github"
      }
    },
    "xwayland-satellite-stable": {
      "flake": false,
      "locked": {
        "lastModified": 1755491097,
        "narHash": "sha256-m+9tUfsmBeF2Gn4HWa6vSITZ4Gz1eA1F5Kh62B0N4oE=",
        "owner": "Supreeeme",
        "repo": "xwayland-satellite",
        "rev": "388d291e82ffbc73be18169d39470f340707edaa",
        "type": "github"
      },
      "original": {
        "owner": "Supreeeme",
        "ref": "v0.7",
        "repo": "xwayland-satellite",
        "type": "github"
      }
    },
    "xwayland-satellite-unstable": {
      "flake": false,
      "locked": {
        "lastModified": 1773622265,
        "narHash": "sha256-wToKwH7IgWdGLMSIWksEDs4eumR6UbbsuPQ42r0oTXQ=",
        "owner": "Supreeeme",
        "repo": "xwayland-satellite",
        "rev": "a879e5e0896a326adc79c474bf457b8b99011027",
        "type": "github"
      },
      "original": {
        "owner": "Supreeeme",
        "repo": "xwayland-satellite",
        "type": "github"
      }
    },
    "zen-browser": {
      "inputs": {
        "home-manager": ["hm"],
        "nixpkgs": ["nixpkgs"]
      },
      "locked": {
        "lastModified": 1779093899,
        "narHash": "sha256-wzHbwUimm45J5r+d4VOi2rrRWwvYimP6OM8BJBIHbYc=",
        "owner": "0xc000022070",
        "repo": "zen-browser-flake",
        "rev": "d21282d88c6bd4b3dc692566c5d84de39f7a96c0",
        "type": "github"
      },
      "original": {
        "owner": "0xc000022070",
        "repo": "zen-browser-flake",
        "type": "github"
      }
    }
  },
  "root": "root",
  "version": 7
}
